// !$*UTF8*$!
{
	archiveVersion = 1;
	classes = {
	};
	objectVersion = 46;
	objects = {

/* Begin PBXBuildFile section */
		ACB42BEC1D3B44E300E32D52 /* main.m in Sources */ = {isa = PBXBuildFile; fileRef = ACB42BEB1D3B44E300E32D52 /* main.m */; };
		ACB42BEF1D3B44E300E32D52 /* AppDelegate.m in Sources */ = {isa = PBXBuildFile; fileRef = ACB42BEE1D3B44E300E32D52 /* AppDelegate.m */; };
		ACB42BF21D3B44E300E32D52 /* ViewController.m in Sources */ = {isa = PBXBuildFile; fileRef = ACB42BF11D3B44E300E32D52 /* ViewController.m */; };
		ACB42BF51D3B44E400E32D52 /* Main.storyboard in Resources */ = {isa = PBXBuildFile; fileRef = ACB42BF31D3B44E400E32D52 /* Main.storyboard */; };
		ACB42BF71D3B44E400E32D52 /* Assets.xcassets in Resources */ = {isa = PBXBuildFile; fileRef = ACB42BF61D3B44E400E32D52 /* Assets.xcassets */; };
		ACB42BFA1D3B44E400E32D52 /* LaunchScreen.storyboard in Resources */ = {isa = PBXBuildFile; fileRef = ACB42BF81D3B44E400E32D52 /* LaunchScreen.storyboard */; };
		ACB42D071D3B4A6D00E32D52 /* MainViewController.m in Sources */ = {isa = PBXBuildFile; fileRef = ACB42D061D3B4A6D00E32D52 /* MainViewController.m */; };
		ACB42D0F1D3B86C900E32D52 /* ILAService.m in Sources */ = {isa = PBXBuildFile; fileRef = ACB42D0E1D3B86C900E32D52 /* ILAService.m */; };
		ACB42D131D3B87BA00E32D52 /* ILAUser.m in Sources */ = {isa = PBXBuildFile; fileRef = ACB42D121D3B87BA00E32D52 /* ILAUser.m */; };
		ACB42D2F1D3B938900E32D52 /* NSObject+SBJson.m in Sources */ = {isa = PBXBuildFile; fileRef = ACB42D171D3B938900E32D52 /* NSObject+SBJson.m */; };
		ACB42D301D3B938900E32D52 /* SBJsonParser.m in Sources */ = {isa = PBXBuildFile; fileRef = ACB42D1A1D3B938900E32D52 /* SBJsonParser.m */; };
		ACB42D311D3B938900E32D52 /* SBJsonStreamParser.m in Sources */ = {isa = PBXBuildFile; fileRef = ACB42D1C1D3B938900E32D52 /* SBJsonStreamParser.m */; };
		ACB42D321D3B938900E32D52 /* SBJsonStreamParserAccumulator.m in Sources */ = {isa = PBXBuildFile; fileRef = ACB42D1E1D3B938900E32D52 /* SBJsonStreamParserAccumulator.m */; };
		ACB42D331D3B938900E32D52 /* SBJsonStreamParserAdapter.m in Sources */ = {isa = PBXBuildFile; fileRef = ACB42D201D3B938900E32D52 /* SBJsonStreamParserAdapter.m */; };
		ACB42D341D3B938900E32D52 /* SBJsonStreamParserState.m in Sources */ = {isa = PBXBuildFile; fileRef = ACB42D221D3B938900E32D52 /* SBJsonStreamParserState.m */; };
		ACB42D351D3B938900E32D52 /* SBJsonStreamWriter.m in Sources */ = {isa = PBXBuildFile; fileRef = ACB42D241D3B938900E32D52 /* SBJsonStreamWriter.m */; };
		ACB42D361D3B938900E32D52 /* SBJsonStreamWriterAccumulator.m in Sources */ = {isa = PBXBuildFile; fileRef = ACB42D261D3B938900E32D52 /* SBJsonStreamWriterAccumulator.m */; };
		ACB42D371D3B938900E32D52 /* SBJsonStreamWriterState.m in Sources */ = {isa = PBXBuildFile; fileRef = ACB42D281D3B938900E32D52 /* SBJsonStreamWriterState.m */; };
		ACB42D381D3B938900E32D52 /* SBJsonTokeniser.m in Sources */ = {isa = PBXBuildFile; fileRef = ACB42D2A1D3B938900E32D52 /* SBJsonTokeniser.m */; };
		ACB42D391D3B938900E32D52 /* SBJsonUTF8Stream.m in Sources */ = {isa = PBXBuildFile; fileRef = ACB42D2C1D3B938900E32D52 /* SBJsonUTF8Stream.m */; };
		ACB42D3A1D3B938900E32D52 /* SBJsonWriter.m in Sources */ = {isa = PBXBuildFile; fileRef = ACB42D2E1D3B938900E32D52 /* SBJsonWriter.m */; };
		ACB42D3D1D3BCA6F00E32D52 /* ILACategory.m in Sources */ = {isa = PBXBuildFile; fileRef = ACB42D3C1D3BCA6F00E32D52 /* ILACategory.m */; };
		ACB42D411D3BDFCA00E32D52 /* CategoryListViewController.m in Sources */ = {isa = PBXBuildFile; fileRef = ACB42D401D3BDFCA00E32D52 /* CategoryListViewController.m */; };
		ACB42D451D3BDFEB00E32D52 /* CategoryHeaderTableViewCell.m in Sources */ = {isa = PBXBuildFile; fileRef = ACB42D441D3BDFEB00E32D52 /* CategoryHeaderTableViewCell.m */; };
		ACB42D481D3BE01000E32D52 /* CategoryLabelTableViewCell.m in Sources */ = {isa = PBXBuildFile; fileRef = ACB42D471D3BE01000E32D52 /* CategoryLabelTableViewCell.m */; };
		ACB42D4E1D3BF0E500E32D52 /* CategorySpecialSaleTableViewCell.m in Sources */ = {isa = PBXBuildFile; fileRef = ACB42D4D1D3BF0E500E32D52 /* CategorySpecialSaleTableViewCell.m */; };
		ACB42D531D3BFFA100E32D52 /* WebViewController.m in Sources */ = {isa = PBXBuildFile; fileRef = ACB42D521D3BFFA100E32D52 /* WebViewController.m */; };
		ACB42D631D3C27DD00E32D52 /* AccountListViewController.m in Sources */ = {isa = PBXBuildFile; fileRef = ACB42D621D3C27DD00E32D52 /* AccountListViewController.m */; };
		ACB42D671D3C2E5300E32D52 /* AccountProfileTableViewCell.m in Sources */ = {isa = PBXBuildFile; fileRef = ACB42D661D3C2E5300E32D52 /* AccountProfileTableViewCell.m */; };
		ACB42D6A1D3C2E6C00E32D52 /* AccountLabelTableViewCell.m in Sources */ = {isa = PBXBuildFile; fileRef = ACB42D691D3C2E6C00E32D52 /* AccountLabelTableViewCell.m */; };
/* End PBXBuildFile section */

/* Begin PBXFileReference section */
		ACB42BE71D3B44E300E32D52 /* ILinkArt.app */ = {isa = PBXFileReference; explicitFileType = wrapper.application; includeInIndex = 0; path = ILinkArt.app; sourceTree = BUILT_PRODUCTS_DIR; };
		ACB42BEB1D3B44E300E32D52 /* main.m */ = {isa = PBXFileReference; lastKnownFileType = sourcecode.c.objc; path = main.m; sourceTree = "<group>"; };
		ACB42BED1D3B44E300E32D52 /* AppDelegate.h */ = {isa = PBXFileReference; lastKnownFileType = sourcecode.c.h; path = AppDelegate.h; sourceTree = "<group>"; };
		ACB42BEE1D3B44E300E32D52 /* AppDelegate.m */ = {isa = PBXFileReference; lastKnownFileType = sourcecode.c.objc; path = AppDelegate.m; sourceTree = "<group>"; };
		ACB42BF01D3B44E300E32D52 /* ViewController.h */ = {isa = PBXFileReference; lastKnownFileType = sourcecode.c.h; path = ViewController.h; sourceTree = "<group>"; };
		ACB42BF11D3B44E300E32D52 /* ViewController.m */ = {isa = PBXFileReference; lastKnownFileType = sourcecode.c.objc; path = ViewController.m; sourceTree = "<group>"; };
		ACB42BF41D3B44E400E32D52 /* Base */ = {isa = PBXFileReference; lastKnownFileType = file.storyboard; name = Base; path = Base.lproj/Main.storyboard; sourceTree = "<group>"; };
		ACB42BF61D3B44E400E32D52 /* Assets.xcassets */ = {isa = PBXFileReference; lastKnownFileType = folder.assetcatalog; path = Assets.xcassets; sourceTree = "<group>"; };
		ACB42BF91D3B44E400E32D52 /* Base */ = {isa = PBXFileReference; lastKnownFileType = file.storyboard; name = Base; path = Base.lproj/LaunchScreen.storyboard; sourceTree = "<group>"; };
		ACB42BFB1D3B44E400E32D52 /* Info.plist */ = {isa = PBXFileReference; lastKnownFileType = text.plist.xml; path = Info.plist; sourceTree = "<group>"; };
		ACB42D051D3B4A6D00E32D52 /* MainViewController.h */ = {isa = PBXFileReference; fileEncoding = 4; lastKnownFileType = sourcecode.c.h; name = MainViewController.h; path = MainView/MainViewController.h; sourceTree = "<group>"; };
		ACB42D061D3B4A6D00E32D52 /* MainViewController.m */ = {isa = PBXFileReference; fileEncoding = 4; lastKnownFileType = sourcecode.c.objc; name = MainViewController.m; path = MainView/MainViewController.m; sourceTree = "<group>"; };
		ACB42D0A1D3B4AC900E32D52 /* ILAColor.h */ = {isa = PBXFileReference; lastKnownFileType = sourcecode.c.h; name = ILAColor.h; path = Framework/ILAColor.h; sourceTree = "<group>"; };
		ACB42D0B1D3B52AC00E32D52 /* ILAUrl.h */ = {isa = PBXFileReference; lastKnownFileType = sourcecode.c.h; path = ILAUrl.h; sourceTree = "<group>"; };
		ACB42D0C1D3B538C00E32D52 /* ILAParser.h */ = {isa = PBXFileReference; lastKnownFileType = sourcecode.c.h; name = ILAParser.h; path = Framework/ILAParser.h; sourceTree = "<group>"; };
		ACB42D0D1D3B86C900E32D52 /* ILAService.h */ = {isa = PBXFileReference; fileEncoding = 4; lastKnownFileType = sourcecode.c.h; name = ILAService.h; path = Framework/ILAService.h; sourceTree = "<group>"; };
		ACB42D0E1D3B86C900E32D52 /* ILAService.m */ = {isa = PBXFileReference; fileEncoding = 4; lastKnownFileType = sourcecode.c.objc; name = ILAService.m; path = Framework/ILAService.m; sourceTree = "<group>"; };
		ACB42D111D3B87BA00E32D52 /* ILAUser.h */ = {isa = PBXFileReference; fileEncoding = 4; lastKnownFileType = sourcecode.c.h; name = ILAUser.h; path = Framework/Model/ILAUser.h; sourceTree = "<group>"; };
		ACB42D121D3B87BA00E32D52 /* ILAUser.m */ = {isa = PBXFileReference; fileEncoding = 4; lastKnownFileType = sourcecode.c.objc; name = ILAUser.m; path = Framework/Model/ILAUser.m; sourceTree = "<group>"; };
		ACB42D161D3B938900E32D52 /* NSObject+SBJson.h */ = {isa = PBXFileReference; fileEncoding = 4; lastKnownFileType = sourcecode.c.h; path = "NSObject+SBJson.h"; sourceTree = "<group>"; };
		ACB42D171D3B938900E32D52 /* NSObject+SBJson.m */ = {isa = PBXFileReference; fileEncoding = 4; lastKnownFileType = sourcecode.c.objc; path = "NSObject+SBJson.m"; sourceTree = "<group>"; };
		ACB42D181D3B938900E32D52 /* SBJson.h */ = {isa = PBXFileReference; fileEncoding = 4; lastKnownFileType = sourcecode.c.h; path = SBJson.h; sourceTree = "<group>"; };
		ACB42D191D3B938900E32D52 /* SBJsonParser.h */ = {isa = PBXFileReference; fileEncoding = 4; lastKnownFileType = sourcecode.c.h; path = SBJsonParser.h; sourceTree = "<group>"; };
		ACB42D1A1D3B938900E32D52 /* SBJsonParser.m */ = {isa = PBXFileReference; fileEncoding = 4; lastKnownFileType = sourcecode.c.objc; path = SBJsonParser.m; sourceTree = "<group>"; };
		ACB42D1B1D3B938900E32D52 /* SBJsonStreamParser.h */ = {isa = PBXFileReference; fileEncoding = 4; lastKnownFileType = sourcecode.c.h; path = SBJsonStreamParser.h; sourceTree = "<group>"; };
		ACB42D1C1D3B938900E32D52 /* SBJsonStreamParser.m */ = {isa = PBXFileReference; fileEncoding = 4; lastKnownFileType = sourcecode.c.objc; path = SBJsonStreamParser.m; sourceTree = "<group>"; };
		ACB42D1D1D3B938900E32D52 /* SBJsonStreamParserAccumulator.h */ = {isa = PBXFileReference; fileEncoding = 4; lastKnownFileType = sourcecode.c.h; path = SBJsonStreamParserAccumulator.h; sourceTree = "<group>"; };
		ACB42D1E1D3B938900E32D52 /* SBJsonStreamParserAccumulator.m */ = {isa = PBXFileReference; fileEncoding = 4; lastKnownFileType = sourcecode.c.objc; path = SBJsonStreamParserAccumulator.m; sourceTree = "<group>"; };
		ACB42D1F1D3B938900E32D52 /* SBJsonStreamParserAdapter.h */ = {isa = PBXFileReference; fileEncoding = 4; lastKnownFileType = sourcecode.c.h; path = SBJsonStreamParserAdapter.h; sourceTree = "<group>"; };
		ACB42D201D3B938900E32D52 /* SBJsonStreamParserAdapter.m */ = {isa = PBXFileReference; fileEncoding = 4; lastKnownFileType = sourcecode.c.objc; path = SBJsonStreamParserAdapter.m; sourceTree = "<group>"; };
		ACB42D211D3B938900E32D52 /* SBJsonStreamParserState.h */ = {isa = PBXFileReference; fileEncoding = 4; lastKnownFileType = sourcecode.c.h; path = SBJsonStreamParserState.h; sourceTree = "<group>"; };
		ACB42D221D3B938900E32D52 /* SBJsonStreamParserState.m */ = {isa = PBXFileReference; fileEncoding = 4; lastKnownFileType = sourcecode.c.objc; path = SBJsonStreamParserState.m; sourceTree = "<group>"; };
		ACB42D231D3B938900E32D52 /* SBJsonStreamWriter.h */ = {isa = PBXFileReference; fileEncoding = 4; lastKnownFileType = sourcecode.c.h; path = SBJsonStreamWriter.h; sourceTree = "<group>"; };
		ACB42D241D3B938900E32D52 /* SBJsonStreamWriter.m */ = {isa = PBXFileReference; fileEncoding = 4; lastKnownFileType = sourcecode.c.objc; path = SBJsonStreamWriter.m; sourceTree = "<group>"; };
		ACB42D251D3B938900E32D52 /* SBJsonStreamWriterAccumulator.h */ = {isa = PBXFileReference; fileEncoding = 4; lastKnownFileType = sourcecode.c.h; path = SBJsonStreamWriterAccumulator.h; sourceTree = "<group>"; };
		ACB42D261D3B938900E32D52 /* SBJsonStreamWriterAccumulator.m */ = {isa = PBXFileReference; fileEncoding = 4; lastKnownFileType = sourcecode.c.objc; path = SBJsonStreamWriterAccumulator.m; sourceTree = "<group>"; };
		ACB42D271D3B938900E32D52 /* SBJsonStreamWriterState.h */ = {isa = PBXFileReference; fileEncoding = 4; lastKnownFileType = sourcecode.c.h; path = SBJsonStreamWriterState.h; sourceTree = "<group>"; };
		ACB42D281D3B938900E32D52 /* SBJsonStreamWriterState.m */ = {isa = PBXFileReference; fileEncoding = 4; lastKnownFileType = sourcecode.c.objc; path = SBJsonStreamWriterState.m; sourceTree = "<group>"; };
		ACB42D291D3B938900E32D52 /* SBJsonTokeniser.h */ = {isa = PBXFileReference; fileEncoding = 4; lastKnownFileType = sourcecode.c.h; path = SBJsonTokeniser.h; sourceTree = "<group>"; };
		ACB42D2A1D3B938900E32D52 /* SBJsonTokeniser.m */ = {isa = PBXFileReference; fileEncoding = 4; lastKnownFileType = sourcecode.c.objc; path = SBJsonTokeniser.m; sourceTree = "<group>"; };
		ACB42D2B1D3B938900E32D52 /* SBJsonUTF8Stream.h */ = {isa = PBXFileReference; fileEncoding = 4; lastKnownFileType = sourcecode.c.h; path = SBJsonUTF8Stream.h; sourceTree = "<group>"; };
		ACB42D2C1D3B938900E32D52 /* SBJsonUTF8Stream.m */ = {isa = PBXFileReference; fileEncoding = 4; lastKnownFileType = sourcecode.c.objc; path = SBJsonUTF8Stream.m; sourceTree = "<group>"; };
		ACB42D2D1D3B938900E32D52 /* SBJsonWriter.h */ = {isa = PBXFileReference; fileEncoding = 4; lastKnownFileType = sourcecode.c.h; path = SBJsonWriter.h; sourceTree = "<group>"; };
		ACB42D2E1D3B938900E32D52 /* SBJsonWriter.m */ = {isa = PBXFileReference; fileEncoding = 4; lastKnownFileType = sourcecode.c.objc; path = SBJsonWriter.m; sourceTree = "<group>"; };
		ACB42D3B1D3BCA6F00E32D52 /* ILACategory.h */ = {isa = PBXFileReference; fileEncoding = 4; lastKnownFileType = sourcecode.c.h; name = ILACategory.h; path = Framework/Model/ILACategory.h; sourceTree = "<group>"; };
		ACB42D3C1D3BCA6F00E32D52 /* ILACategory.m */ = {isa = PBXFileReference; fileEncoding = 4; lastKnownFileType = sourcecode.c.objc; name = ILACategory.m; path = Framework/Model/ILACategory.m; sourceTree = "<group>"; };
		ACB42D3F1D3BDFCA00E32D52 /* CategoryListViewController.h */ = {isa = PBXFileReference; fileEncoding = 4; lastKnownFileType = sourcecode.c.h; name = CategoryListViewController.h; path = Category/CategoryListViewController.h; sourceTree = "<group>"; };
		ACB42D401D3BDFCA00E32D52 /* CategoryListViewController.m */ = {isa = PBXFileReference; fileEncoding = 4; lastKnownFileType = sourcecode.c.objc; name = CategoryListViewController.m; path = Category/CategoryListViewController.m; sourceTree = "<group>"; };
		ACB42D431D3BDFEB00E32D52 /* CategoryHeaderTableViewCell.h */ = {isa = PBXFileReference; fileEncoding = 4; lastKnownFileType = sourcecode.c.h; name = CategoryHeaderTableViewCell.h; path = Category/CategoryHeaderTableViewCell.h; sourceTree = "<group>"; };
		ACB42D441D3BDFEB00E32D52 /* CategoryHeaderTableViewCell.m */ = {isa = PBXFileReference; fileEncoding = 4; lastKnownFileType = sourcecode.c.objc; name = CategoryHeaderTableViewCell.m; path = Category/CategoryHeaderTableViewCell.m; sourceTree = "<group>"; };
		ACB42D461D3BE01000E32D52 /* CategoryLabelTableViewCell.h */ = {isa = PBXFileReference; fileEncoding = 4; lastKnownFileType = sourcecode.c.h; name = CategoryLabelTableViewCell.h; path = Category/CategoryLabelTableViewCell.h; sourceTree = "<group>"; };
		ACB42D471D3BE01000E32D52 /* CategoryLabelTableViewCell.m */ = {isa = PBXFileReference; fileEncoding = 4; lastKnownFileType = sourcecode.c.objc; name = CategoryLabelTableViewCell.m; path = Category/CategoryLabelTableViewCell.m; sourceTree = "<group>"; };
		ACB42D4A1D3BE17D00E32D52 /* ILAAPI.h */ = {isa = PBXFileReference; lastKnownFileType = sourcecode.c.h; name = ILAAPI.h; path = Framework/ILAAPI.h; sourceTree = "<group>"; };
		ACB42D4B1D3BEC9900E32D52 /* ILANotification.h */ = {isa = PBXFileReference; lastKnownFileType = sourcecode.c.h; name = ILANotification.h; path = Framework/ILANotification.h; sourceTree = "<group>"; };
		ACB42D4C1D3BF0E500E32D52 /* CategorySpecialSaleTableViewCell.h */ = {isa = PBXFileReference; fileEncoding = 4; lastKnownFileType = sourcecode.c.h; name = CategorySpecialSaleTableViewCell.h; path = Category/CategorySpecialSaleTableViewCell.h; sourceTree = "<group>"; };
		ACB42D4D1D3BF0E500E32D52 /* CategorySpecialSaleTableViewCell.m */ = {isa = PBXFileReference; fileEncoding = 4; lastKnownFileType = sourcecode.c.objc; name = CategorySpecialSaleTableViewCell.m; path = Category/CategorySpecialSaleTableViewCell.m; sourceTree = "<group>"; };
		ACB42D511D3BFFA100E32D52 /* WebViewController.h */ = {isa = PBXFileReference; fileEncoding = 4; lastKnownFileType = sourcecode.c.h; name = WebViewController.h; path = MainView/WebViewController.h; sourceTree = "<group>"; };
		ACB42D521D3BFFA100E32D52 /* WebViewController.m */ = {isa = PBXFileReference; fileEncoding = 4; lastKnownFileType = sourcecode.c.objc; name = WebViewController.m; path = MainView/WebViewController.m; sourceTree = "<group>"; };
		ACB42D611D3C27DD00E32D52 /* AccountListViewController.h */ = {isa = PBXFileReference; fileEncoding = 4; lastKnownFileType = sourcecode.c.h; name = AccountListViewController.h; path = Account/AccountListViewController.h; sourceTree = "<group>"; };
		ACB42D621D3C27DD00E32D52 /* AccountListViewController.m */ = {isa = PBXFileReference; fileEncoding = 4; lastKnownFileType = sourcecode.c.objc; name = AccountListViewController.m; path = Account/AccountListViewController.m; sourceTree = "<group>"; };
		ACB42D651D3C2E5300E32D52 /* AccountProfileTableViewCell.h */ = {isa = PBXFileReference; fileEncoding = 4; lastKnownFileType = sourcecode.c.h; name = AccountProfileTableViewCell.h; path = Account/AccountProfileTableViewCell.h; sourceTree = "<group>"; };
		ACB42D661D3C2E5300E32D52 /* AccountProfileTableViewCell.m */ = {isa = PBXFileReference; fileEncoding = 4; lastKnownFileType = sourcecode.c.objc; name = AccountProfileTableViewCell.m; path = Account/AccountProfileTableViewCell.m; sourceTree = "<group>"; };
		ACB42D681D3C2E6C00E32D52 /* AccountLabelTableViewCell.h */ = {isa = PBXFileReference; fileEncoding = 4; lastKnownFileType = sourcecode.c.h; name = AccountLabelTableViewCell.h; path = Account/AccountLabelTableViewCell.h; sourceTree = "<group>"; };
		ACB42D691D3C2E6C00E32D52 /* AccountLabelTableViewCell.m */ = {isa = PBXFileReference; fileEncoding = 4; lastKnownFileType = sourcecode.c.objc; name = AccountLabelTableViewCell.m; path = Account/AccountLabelTableViewCell.m; sourceTree = "<group>"; };
/* End PBXFileReference section */

/* Begin PBXFrameworksBuildPhase section */
		ACB42BE41D3B44E300E32D52 /* Frameworks */ = {
			isa = PBXFrameworksBuildPhase;
			buildActionMask = 2147483647;
			files = (
			);
			runOnlyForDeploymentPostprocessing = 0;
		};
/* End PBXFrameworksBuildPhase section */

/* Begin PBXGroup section */
		ACB42BDE1D3B44E300E32D52 = {
			isa = PBXGroup;
			children = (
				ACB42BE91D3B44E300E32D52 /* ILinkArt */,
				ACB42BE81D3B44E300E32D52 /* Products */,
			);
			sourceTree = "<group>";
		};
		ACB42BE81D3B44E300E32D52 /* Products */ = {
			isa = PBXGroup;
			children = (
				ACB42BE71D3B44E300E32D52 /* ILinkArt.app */,
			);
			name = Products;
			sourceTree = "<group>";
		};
		ACB42BE91D3B44E300E32D52 /* ILinkArt */ = {
			isa = PBXGroup;
			children = (
				ACB42D091D3B4A7E00E32D52 /* Framework */,
				ACB42D601D3C27C500E32D52 /* Account */,
				ACB42D3E1D3BDF9F00E32D52 /* Category */,
				ACB42D081D3B4A7300E32D52 /* MainView */,
				ACB42BED1D3B44E300E32D52 /* AppDelegate.h */,
				ACB42BEE1D3B44E300E32D52 /* AppDelegate.m */,
				ACB42BF01D3B44E300E32D52 /* ViewController.h */,
				ACB42BF11D3B44E300E32D52 /* ViewController.m */,
				ACB42BF31D3B44E400E32D52 /* Main.storyboard */,
				ACB42BF61D3B44E400E32D52 /* Assets.xcassets */,
				ACB42BF81D3B44E400E32D52 /* LaunchScreen.storyboard */,
				ACB42BFB1D3B44E400E32D52 /* Info.plist */,
				ACB42BEA1D3B44E300E32D52 /* Supporting Files */,
			);
			path = ILinkArt;
			sourceTree = "<group>";
		};
		ACB42BEA1D3B44E300E32D52 /* Supporting Files */ = {
			isa = PBXGroup;
			children = (
				ACB42BEB1D3B44E300E32D52 /* main.m */,
			);
			name = "Supporting Files";
			sourceTree = "<group>";
		};
		ACB42D081D3B4A7300E32D52 /* MainView */ = {
			isa = PBXGroup;
			children = (
				ACB42D501D3BFF8C00E32D52 /* WebView */,
				ACB42D051D3B4A6D00E32D52 /* MainViewController.h */,
				ACB42D061D3B4A6D00E32D52 /* MainViewController.m */,
			);
			name = MainView;
			sourceTree = "<group>";
		};
		ACB42D091D3B4A7E00E32D52 /* Framework */ = {
			isa = PBXGroup;
			children = (
				ACB42D141D3B92EB00E32D52 /* Library */,
				ACB42D101D3B87A200E32D52 /* User Model */,
				ACB42D491D3BE16300E32D52 /* User Service */,
			);
			name = Framework;
			sourceTree = "<group>";
		};
		ACB42D101D3B87A200E32D52 /* User Model */ = {
			isa = PBXGroup;
			children = (
				ACB42D111D3B87BA00E32D52 /* ILAUser.h */,
				ACB42D121D3B87BA00E32D52 /* ILAUser.m */,
				ACB42D3B1D3BCA6F00E32D52 /* ILACategory.h */,
				ACB42D3C1D3BCA6F00E32D52 /* ILACategory.m */,
			);
			name = "User Model";
			sourceTree = "<group>";
		};
		ACB42D141D3B92EB00E32D52 /* Library */ = {
			isa = PBXGroup;
			children = (
				ACB42D151D3B938900E32D52 /* JSON */,
			);
			name = Library;
			sourceTree = "<group>";
		};
		ACB42D151D3B938900E32D52 /* JSON */ = {
			isa = PBXGroup;
			children = (
				ACB42D161D3B938900E32D52 /* NSObject+SBJson.h */,
				ACB42D171D3B938900E32D52 /* NSObject+SBJson.m */,
				ACB42D181D3B938900E32D52 /* SBJson.h */,
				ACB42D191D3B938900E32D52 /* SBJsonParser.h */,
				ACB42D1A1D3B938900E32D52 /* SBJsonParser.m */,
				ACB42D1B1D3B938900E32D52 /* SBJsonStreamParser.h */,
				ACB42D1C1D3B938900E32D52 /* SBJsonStreamParser.m */,
				ACB42D1D1D3B938900E32D52 /* SBJsonStreamParserAccumulator.h */,
				ACB42D1E1D3B938900E32D52 /* SBJsonStreamParserAccumulator.m */,
				ACB42D1F1D3B938900E32D52 /* SBJsonStreamParserAdapter.h */,
				ACB42D201D3B938900E32D52 /* SBJsonStreamParserAdapter.m */,
				ACB42D211D3B938900E32D52 /* SBJsonStreamParserState.h */,
				ACB42D221D3B938900E32D52 /* SBJsonStreamParserState.m */,
				ACB42D231D3B938900E32D52 /* SBJsonStreamWriter.h */,
				ACB42D241D3B938900E32D52 /* SBJsonStreamWriter.m */,
				ACB42D251D3B938900E32D52 /* SBJsonStreamWriterAccumulator.h */,
				ACB42D261D3B938900E32D52 /* SBJsonStreamWriterAccumulator.m */,
				ACB42D271D3B938900E32D52 /* SBJsonStreamWriterState.h */,
				ACB42D281D3B938900E32D52 /* SBJsonStreamWriterState.m */,
				ACB42D291D3B938900E32D52 /* SBJsonTokeniser.h */,
				ACB42D2A1D3B938900E32D52 /* SBJsonTokeniser.m */,
				ACB42D2B1D3B938900E32D52 /* SBJsonUTF8Stream.h */,
				ACB42D2C1D3B938900E32D52 /* SBJsonUTF8Stream.m */,
				ACB42D2D1D3B938900E32D52 /* SBJsonWriter.h */,
				ACB42D2E1D3B938900E32D52 /* SBJsonWriter.m */,
			);
			path = JSON;
			sourceTree = "<group>";
		};
		ACB42D3E1D3BDF9F00E32D52 /* Category */ = {
			isa = PBXGroup;
			children = (
				ACB42D421D3BDFD000E32D52 /* cell */,
				ACB42D3F1D3BDFCA00E32D52 /* CategoryListViewController.h */,
				ACB42D401D3BDFCA00E32D52 /* CategoryListViewController.m */,
			);
			name = Category;
			sourceTree = "<group>";
		};
		ACB42D421D3BDFD000E32D52 /* cell */ = {
			isa = PBXGroup;
			children = (
				ACB42D431D3BDFEB00E32D52 /* CategoryHeaderTableViewCell.h */,
				ACB42D441D3BDFEB00E32D52 /* CategoryHeaderTableViewCell.m */,
				ACB42D461D3BE01000E32D52 /* CategoryLabelTableViewCell.h */,
				ACB42D471D3BE01000E32D52 /* CategoryLabelTableViewCell.m */,
				ACB42D4C1D3BF0E500E32D52 /* CategorySpecialSaleTableViewCell.h */,
				ACB42D4D1D3BF0E500E32D52 /* CategorySpecialSaleTableViewCell.m */,
			);
			name = cell;
			sourceTree = "<group>";
		};
		ACB42D491D3BE16300E32D52 /* User Service */ = {
			isa = PBXGroup;
			children = (
				ACB42D0A1D3B4AC900E32D52 /* ILAColor.h */,
				ACB42D0B1D3B52AC00E32D52 /* ILAUrl.h */,
				ACB42D4B1D3BEC9900E32D52 /* ILANotification.h */,
				ACB42D0C1D3B538C00E32D52 /* ILAParser.h */,
				ACB42D0D1D3B86C900E32D52 /* ILAService.h */,
				ACB42D0E1D3B86C900E32D52 /* ILAService.m */,
				ACB42D4A1D3BE17D00E32D52 /* ILAAPI.h */,
			);
			name = "User Service";
			sourceTree = "<group>";
		};
		ACB42D501D3BFF8C00E32D52 /* WebView */ = {
			isa = PBXGroup;
			children = (
				ACB42D511D3BFFA100E32D52 /* WebViewController.h */,
				ACB42D521D3BFFA100E32D52 /* WebViewController.m */,
			);
			name = WebView;
			sourceTree = "<group>";
		};
		ACB42D601D3C27C500E32D52 /* Account */ = {
			isa = PBXGroup;
			children = (
				ACB42D641D3C2E3600E32D52 /* cell */,
				ACB42D611D3C27DD00E32D52 /* AccountListViewController.h */,
				ACB42D621D3C27DD00E32D52 /* AccountListViewController.m */,
			);
			name = Account;
			sourceTree = "<group>";
		};
		ACB42D641D3C2E3600E32D52 /* cell */ = {
			isa = PBXGroup;
			children = (
				ACB42D651D3C2E5300E32D52 /* AccountProfileTableViewCell.h */,
				ACB42D661D3C2E5300E32D52 /* AccountProfileTableViewCell.m */,
				ACB42D681D3C2E6C00E32D52 /* AccountLabelTableViewCell.h */,
				ACB42D691D3C2E6C00E32D52 /* AccountLabelTableViewCell.m */,
			);
			name = cell;
			sourceTree = "<group>";
		};
/* End PBXGroup section */

/* Begin PBXNativeTarget section */
		ACB42BE61D3B44E300E32D52 /* ILinkArt */ = {
			isa = PBXNativeTarget;
			buildConfigurationList = ACB42BFE1D3B44E400E32D52 /* Build configuration list for PBXNativeTarget "ILinkArt" */;
			buildPhases = (
				ACB42BE31D3B44E300E32D52 /* Sources */,
				ACB42BE41D3B44E300E32D52 /* Frameworks */,
				ACB42BE51D3B44E300E32D52 /* Resources */,
			);
			buildRules = (
			);
			dependencies = (
			);
			name = ILinkArt;
			productName = ILinkArt;
			productReference = ACB42BE71D3B44E300E32D52 /* ILinkArt.app */;
			productType = "com.apple.product-type.application";
		};
/* End PBXNativeTarget section */

/* Begin PBXProject section */
		ACB42BDF1D3B44E300E32D52 /* Project object */ = {
			isa = PBXProject;
			attributes = {
				LastUpgradeCheck = 0710;
				ORGANIZATIONNAME = "sh-extend";
				TargetAttributes = {
					ACB42BE61D3B44E300E32D52 = {
						CreatedOnToolsVersion = 7.1.1;
					};
				};
			};
			buildConfigurationList = ACB42BE21D3B44E300E32D52 /* Build configuration list for PBXProject "ILinkArt" */;
			compatibilityVersion = "Xcode 3.2";
			developmentRegion = English;
			hasScannedForEncodings = 0;
			knownRegions = (
				en,
				Base,
			);
			mainGroup = ACB42BDE1D3B44E300E32D52;
			productRefGroup = ACB42BE81D3B44E300E32D52 /* Products */;
			projectDirPath = "";
			projectRoot = "";
			targets = (
				ACB42BE61D3B44E300E32D52 /* ILinkArt */,
			);
		};
/* End PBXProject section */

/* Begin PBXResourcesBuildPhase section */
		ACB42BE51D3B44E300E32D52 /* Resources */ = {
			isa = PBXResourcesBuildPhase;
			buildActionMask = 2147483647;
			files = (
				ACB42BFA1D3B44E400E32D52 /* LaunchScreen.storyboard in Resources */,
				ACB42BF71D3B44E400E32D52 /* Assets.xcassets in Resources */,
				ACB42BF51D3B44E400E32D52 /* Main.storyboard in Resources */,
			);
			runOnlyForDeploymentPostprocessing = 0;
		};
/* End PBXResourcesBuildPhase section */

/* Begin PBXSourcesBuildPhase section */
		ACB42BE31D3B44E300E32D52 /* Sources */ = {
			isa = PBXSourcesBuildPhase;
			buildActionMask = 2147483647;
			files = (
				ACB42D321D3B938900E32D52 /* SBJsonStreamParserAccumulator.m in Sources */,
				ACB42D3D1D3BCA6F00E32D52 /* ILACategory.m in Sources */,
				ACB42D0F1D3B86C900E32D52 /* ILAService.m in Sources */,
				ACB42D391D3B938900E32D52 /* SBJsonUTF8Stream.m in Sources */,
				ACB42D4E1D3BF0E500E32D52 /* CategorySpecialSaleTableViewCell.m in Sources */,
				ACB42D6A1D3C2E6C00E32D52 /* AccountLabelTableViewCell.m in Sources */,
				ACB42D131D3B87BA00E32D52 /* ILAUser.m in Sources */,
				ACB42BF21D3B44E300E32D52 /* ViewController.m in Sources */,
				ACB42BEF1D3B44E300E32D52 /* AppDelegate.m in Sources */,
				ACB42BEC1D3B44E300E32D52 /* main.m in Sources */,
				ACB42D481D3BE01000E32D52 /* CategoryLabelTableViewCell.m in Sources */,
				ACB42D411D3BDFCA00E32D52 /* CategoryListViewController.m in Sources */,
				ACB42D301D3B938900E32D52 /* SBJsonParser.m in Sources */,
				ACB42D351D3B938900E32D52 /* SBJsonStreamWriter.m in Sources */,
				ACB42D311D3B938900E32D52 /* SBJsonStreamParser.m in Sources */,
				ACB42D371D3B938900E32D52 /* SBJsonStreamWriterState.m in Sources */,
				ACB42D331D3B938900E32D52 /* SBJsonStreamParserAdapter.m in Sources */,
				ACB42D361D3B938900E32D52 /* SBJsonStreamWriterAccumulator.m in Sources */,
				ACB42D451D3BDFEB00E32D52 /* CategoryHeaderTableViewCell.m in Sources */,
				ACB42D3A1D3B938900E32D52 /* SBJsonWriter.m in Sources */,
				ACB42D671D3C2E5300E32D52 /* AccountProfileTableViewCell.m in Sources */,
				ACB42D531D3BFFA100E32D52 /* WebViewController.m in Sources */,
				ACB42D341D3B938900E32D52 /* SBJsonStreamParserState.m in Sources */,
				ACB42D071D3B4A6D00E32D52 /* MainViewController.m in Sources */,
				ACB42D2F1D3B938900E32D52 /* NSObject+SBJson.m in Sources */,
				ACB42D631D3C27DD00E32D52 /* AccountListViewController.m in Sources */,
				ACB42D381D3B938900E32D52 /* SBJsonTokeniser.m in Sources */,
			);
			runOnlyForDeploymentPostprocessing = 0;
		};
/* End PBXSourcesBuildPhase section */

/* Begin PBXVariantGroup section */
		ACB42BF31D3B44E400E32D52 /* Main.storyboard */ = {
			isa = PBXVariantGroup;
			children = (
				ACB42BF41D3B44E400E32D52 /* Base */,
			);
			name = Main.storyboard;
			sourceTree = "<group>";
		};
		ACB42BF81D3B44E400E32D52 /* LaunchScreen.storyboard */ = {
			isa = PBXVariantGroup;
			children = (
				ACB42BF91D3B44E400E32D52 /* Base */,
			);
			name = LaunchScreen.storyboard;
			sourceTree = "<group>";
		};
/* End PBXVariantGroup section */

/* Begin XCBuildConfiguration section */
		ACB42BFC1D3B44E400E32D52 /* Debug */ = {
			isa = XCBuildConfiguration;
			buildSettings = {
				ALWAYS_SEARCH_USER_PATHS = NO;
				CLANG_CXX_LANGUAGE_STANDARD = "gnu++0x";
				CLANG_CXX_LIBRARY = "libc++";
				CLANG_ENABLE_MODULES = YES;
				CLANG_ENABLE_OBJC_ARC = YES;
				CLANG_WARN_BOOL_CONVERSION = YES;
				CLANG_WARN_CONSTANT_CONVERSION = YES;
				CLANG_WARN_DIRECT_OBJC_ISA_USAGE = YES_ERROR;
				CLANG_WARN_EMPTY_BODY = YES;
				CLANG_WARN_ENUM_CONVERSION = YES;
				CLANG_WARN_INT_CONVERSION = YES;
				CLANG_WARN_OBJC_ROOT_CLASS = YES_ERROR;
				CLANG_WARN_UNREACHABLE_CODE = YES;
				CLANG_WARN__DUPLICATE_METHOD_MATCH = YES;
				"CODE_SIGN_IDENTITY[sdk=iphoneos*]" = "iPhone Developer";
				COPY_PHASE_STRIP = NO;
				DEBUG_INFORMATION_FORMAT = dwarf;
				ENABLE_STRICT_OBJC_MSGSEND = YES;
				ENABLE_TESTABILITY = YES;
				GCC_C_LANGUAGE_STANDARD = gnu99;
				GCC_DYNAMIC_NO_PIC = NO;
				GCC_NO_COMMON_BLOCKS = YES;
				GCC_OPTIMIZATION_LEVEL = 0;
				GCC_PREPROCESSOR_DEFINITIONS = (
					"DEBUG=1",
					"$(inherited)",
				);
				GCC_WARN_64_TO_32_BIT_CONVERSION = YES;
				GCC_WARN_ABOUT_RETURN_TYPE = YES_ERROR;
				GCC_WARN_UNDECLARED_SELECTOR = YES;
				GCC_WARN_UNINITIALIZED_AUTOS = YES_AGGRESSIVE;
				GCC_WARN_UNUSED_FUNCTION = YES;
				GCC_WARN_UNUSED_VARIABLE = YES;
				IPHONEOS_DEPLOYMENT_TARGET = 9.1;
				MTL_ENABLE_DEBUG_INFO = YES;
				ONLY_ACTIVE_ARCH = YES;
				SDKROOT = iphoneos;
				TARGETED_DEVICE_FAMILY = "1,2";
			};
			name = Debug;
		};
		ACB42BFD1D3B44E400E32D52 /* Release */ = {
			isa = XCBuildConfiguration;
			buildSettings = {
				ALWAYS_SEARCH_USER_PATHS = NO;
				CLANG_CXX_LANGUAGE_STANDARD = "gnu++0x";
				CLANG_CXX_LIBRARY = "libc++";
				CLANG_ENABLE_MODULES = YES;
				CLANG_ENABLE_OBJC_ARC = YES;
				CLANG_WARN_BOOL_CONVERSION = YES;
				CLANG_WARN_CONSTANT_CONVERSION = YES;
				CLANG_WARN_DIRECT_OBJC_ISA_USAGE = YES_ERROR;
				CLANG_WARN_EMPTY_BODY = YES;
				CLANG_WARN_ENUM_CONVERSION = YES;
				CLANG_WARN_INT_CONVERSION = YES;
				CLANG_WARN_OBJC_ROOT_CLASS = YES_ERROR;
				CLANG_WARN_UNREACHABLE_CODE = YES;
				CLANG_WARN__DUPLICATE_METHOD_MATCH = YES;
				"CODE_SIGN_IDENTITY[sdk=iphoneos*]" = "iPhone Developer";
				COPY_PHASE_STRIP = NO;
				DEBUG_INFORMATION_FORMAT = "dwarf-with-dsym";
				ENABLE_NS_ASSERTIONS = NO;
				ENABLE_STRICT_OBJC_MSGSEND = YES;
				GCC_C_LANGUAGE_STANDARD = gnu99;
				GCC_NO_COMMON_BLOCKS = YES;
				GCC_WARN_64_TO_32_BIT_CONVERSION = YES;
				GCC_WARN_ABOUT_RETURN_TYPE = YES_ERROR;
				GCC_WARN_UNDECLARED_SELECTOR = YES;
				GCC_WARN_UNINITIALIZED_AUTOS = YES_AGGRESSIVE;
				GCC_WARN_UNUSED_FUNCTION = YES;
				GCC_WARN_UNUSED_VARIABLE = YES;
				IPHONEOS_DEPLOYMENT_TARGET = 9.1;
				MTL_ENABLE_DEBUG_INFO = NO;
				SDKROOT = iphoneos;
				TARGETED_DEVICE_FAMILY = "1,2";
				VALIDATE_PRODUCT = YES;
			};
			name = Release;
		};
		ACB42BFF1D3B44E400E32D52 /* Debug */ = {
			isa = XCBuildConfiguration;
			buildSettings = {
				ASSETCATALOG_COMPILER_APPICON_NAME = AppIcon;
				INFOPLIST_FILE = ILinkArt/Info.plist;
				IPHONEOS_DEPLOYMENT_TARGET = 8.0;
				LD_RUNPATH_SEARCH_PATHS = "$(inherited) @executable_path/Frameworks";
				PRODUCT_BUNDLE_IDENTIFIER = "com.sh-extend.ILinkArt";
				PRODUCT_NAME = "$(TARGET_NAME)";
			};
			name = Debug;
		};
		ACB42C001D3B44E400E32D52 /* Release */ = {
			isa = XCBuildConfiguration;
			buildSettings = {
				ASSETCATALOG_COMPILER_APPICON_NAME = AppIcon;
				INFOPLIST_FILE = ILinkArt/Info.plist;
				IPHONEOS_DEPLOYMENT_TARGET = 8.0;
				LD_RUNPATH_SEARCH_PATHS = "$(inherited) @executable_path/Frameworks";
				PRODUCT_BUNDLE_IDENTIFIER = "com.sh-extend.ILinkArt";
				PRODUCT_NAME = "$(TARGET_NAME)";
			};
			name = Release;
		};
/* End XCBuildConfiguration section */

/* Begin XCConfigurationList section */
		ACB42BE21D3B44E300E32D52 /* Build configuration list for PBXProject "ILinkArt" */ = {
			isa = XCConfigurationList;
			buildConfigurations = (
				ACB42BFC1D3B44E400E32D52 /* Debug */,
				ACB42BFD1D3B44E400E32D52 /* Release */,
			);
			defaultConfigurationIsVisible = 0;
			defaultConfigurationName = Release;
		};
		ACB42BFE1D3B44E400E32D52 /* Build configuration list for PBXNativeTarget "ILinkArt" */ = {
			isa = XCConfigurationList;
			buildConfigurations = (
				ACB42BFF1D3B44E400E32D52 /* Debug */,
				ACB42C001D3B44E400E32D52 /* Release */,
			);
			defaultConfigurationIsVisible = 0;
		};
/* End XCConfigurationList section */
	};
	rootObject = ACB42BDF1D3B44E300E32D52 /* Project object */;
}
